
Microsoft Visual Studio Solution File, Format Version 12.00
# Visual Studio Version 16
VisualStudioVersion = 25.0.1706.4
MinimumVisualStudioVersion = 10.0.40219.1
Project("{FAE04EC0-301F-11D3-BF4B-00C04F79EFBC}") = "AS.2324.3G.signorettiRiccrado.array", "AS.2324.3G.signorettiRiccrado.array\AS.2324.3G.signorettiRiccrado.array.csproj", "{FBDDC5DF-BD73-4AFB-B162-88379CE0E36E}"
EndProject
Global
	GlobalSection(SolutionConfigurationPlatforms) = preSolution
		Debug|Any CPU = Debug|Any CPU
		Release|Any CPU = Release|Any CPU
	EndGlobalSection
	GlobalSection(ProjectConfigurationPlatforms) = postSolution
		{FBDDC5DF-BD73-4AFB-B162-88379CE0E36E}.Debug|Any CPU.ActiveCfg = Debug|Any CPU
		{FBDDC5DF-BD73-4AFB-B162-88379CE0E36E}.Debug|Any CPU.Build.0 = Debug|Any CPU
		{FBDDC5DF-BD73-4AFB-B162-88379CE0E36E}.Release|Any CPU.ActiveCfg = Release|Any CPU
		{FBDDC5DF-BD73-4AFB-B162-88379CE0E36E}.Release|Any CPU.Build.0 = Release|Any CPU
	EndGlobalSection
	GlobalSection(SolutionProperties) = preSolution
		HideSolutionNode = FALSE
	EndGlobalSection
	GlobalSection(ExtensibilityGlobals) = postSolution
		SolutionGuid = {DF8745DD-62DD-4C5C-8D7D-E6B38B509800}
	EndGlobalSection
EndGlobal
